
Microsoft Visual Studio Solution File, Format Version 12.00
# Visual Studio Version 16
VisualStudioVersion = 16.0.32413.511
MinimumVisualStudioVersion = 10.0.40219.1
Project("{FAE04EC0-301F-11D3-BF4B-00C04F79EFBC}") = "CapaPresentacion_VISTA_", "CapaPresentacion_VISTA_.csproj", "{7FD2634F-BFD5-44F5-9FF5-E2338A167105}"
EndProject
Project("{FAE04EC0-301F-11D3-BF4B-00C04F79EFBC}") = "CapaEntidades_CONTROLADOR", "..\CapaEntidades_CONTROLADOR\CapaEntidades_CONTROLADOR.csproj", "{359A25B1-B3B4-4E4C-81C2-27C441564811}"
EndProject
Global
	GlobalSection(SolutionConfigurationPlatforms) = preSolution
		Debug|Any CPU = Debug|Any CPU
		Release|Any CPU = Release|Any CPU
	EndGlobalSection
	GlobalSection(ProjectConfigurationPlatforms) = postSolution
		{7FD2634F-BFD5-44F5-9FF5-E2338A167105}.Debug|Any CPU.ActiveCfg = Debug|Any CPU
		{7FD2634F-BFD5-44F5-9FF5-E2338A167105}.Debug|Any CPU.Build.0 = Debug|Any CPU
		{7FD2634F-BFD5-44F5-9FF5-E2338A167105}.Release|Any CPU.ActiveCfg = Release|Any CPU
		{7FD2634F-BFD5-44F5-9FF5-E2338A167105}.Release|Any CPU.Build.0 = Release|Any CPU
		{359A25B1-B3B4-4E4C-81C2-27C441564811}.Debug|Any CPU.ActiveCfg = Debug|Any CPU
		{359A25B1-B3B4-4E4C-81C2-27C441564811}.Debug|Any CPU.Build.0 = Debug|Any CPU
		{359A25B1-B3B4-4E4C-81C2-27C441564811}.Release|Any CPU.ActiveCfg = Release|Any CPU
		{359A25B1-B3B4-4E4C-81C2-27C441564811}.Release|Any CPU.Build.0 = Release|Any CPU
	EndGlobalSection
	GlobalSection(SolutionProperties) = preSolution
		HideSolutionNode = FALSE
	EndGlobalSection
	GlobalSection(ExtensibilityGlobals) = postSolution
		SolutionGuid = {FBD4558F-856D-457D-AA88-CBE798A21627}
	EndGlobalSection
EndGlobal
