
Microsoft Visual Studio Solution File, Format Version 12.00
# Visual Studio Version 16
VisualStudioVersion = 16.0.32407.337
MinimumVisualStudioVersion = 10.0.40219.1
Project("{FAE04EC0-301F-11D3-BF4B-00C04F79EFBC}") = "CapaPresentacion_VISTA", "CapaPresentacion_VISTA_\CapaPresentacion_VISTA.csproj", "{7FD2634F-BFD5-44F5-9FF5-E2338A167105}"
EndProject
Project("{FAE04EC0-301F-11D3-BF4B-00C04F79EFBC}") = "CapaDatos_MODELO", "CapaDatos_MODELO\CapaDatos_MODELO.csproj", "{221CEE1C-54FE-4551-AB59-F2643B29E2F9}"
EndProject
Project("{FAE04EC0-301F-11D3-BF4B-00C04F79EFBC}") = "CapaEntidades_CONTROLADOR", "CapaEntidades_CONTROLADOR\CapaEntidades_CONTROLADOR.csproj", "{359A25B1-B3B4-4E4C-81C2-27C441564811}"
EndProject
Project("{FAE04EC0-301F-11D3-BF4B-00C04F79EFBC}") = "CapaNegocio_CONTROLADOR", "CapaNegocio_CONTROLADOR\CapaNegocio_CONTROLADOR.csproj", "{F192BF3C-A998-42A2-8FAB-896A4F8B44E9}"
EndProject
Project("{FAE04EC0-301F-11D3-BF4B-00C04F79EFBC}") = "Reportes", "Reportes\Reportes.csproj", "{80A99D89-EC38-43A2-AB62-E6B37D26BAD9}"
EndProject
Project("{2150E333-8FDC-42A3-9474-1A3956D46DE8}") = "VentanasReportes", "VentanasReportes", "{5CD812C0-678C-4A81-95D0-031D9AF2A42B}"
EndProject
Project("{2150E333-8FDC-42A3-9474-1A3956D46DE8}") = "VentanaPrincipal", "VentanaPrincipal", "{A6063A62-0EFC-490A-ACDA-7E3B14D638D1}"
EndProject
Project("{2150E333-8FDC-42A3-9474-1A3956D46DE8}") = "VentanaReportes", "VentanaReportes", "{C199AC69-3E8F-4745-AECE-071E90B646DB}"
EndProject
Project("{2150E333-8FDC-42A3-9474-1A3956D46DE8}") = "CrystalReports", "CrystalReports", "{F5E79BBD-D101-478C-BEEA-1ABDE647AA2A}"
EndProject
Project("{FAE04EC0-301F-11D3-BF4B-00C04F79EFBC}") = "MargenEuros", "MargenesEuros\MargenEuros.csproj", "{34C102EA-CE08-4916-8869-E13A89C16347}"
EndProject
Project("{FAE04EC0-301F-11D3-BF4B-00C04F79EFBC}") = "MargenPorcentaje", "MargenPorcentaje\MargenPorcentaje.csproj", "{3B6A5A37-BD64-48CA-9A91-1714136BEB72}"
EndProject
Project("{FAE04EC0-301F-11D3-BF4B-00C04F79EFBC}") = "MargenStock", "MargenStock\MargenStock.csproj", "{55BE7F4F-8794-47F4-9280-0670F70F3BB7}"
EndProject
Project("{FAE04EC0-301F-11D3-BF4B-00C04F79EFBC}") = "MejoresClientes", "CRMejoresClientes\MejoresClientes.csproj", "{1F6D05D0-6916-4402-ADAE-AA6FABEC4843}"
EndProject
Project("{FAE04EC0-301F-11D3-BF4B-00C04F79EFBC}") = "MejoresVendedores", "MejorVendedor\MejoresVendedores.csproj", "{0C3753F2-086C-43D5-ACBB-183DA40055E1}"
EndProject
Project("{54435603-DBB4-11D2-8724-00A0C9A8B90C}") = "InstalacionDashBoard", "InstalacionDashBoard\InstalacionDashBoard.vdproj", "{7F399726-85D6-4DE2-AFE4-99CCD29D8BD3}"
EndProject
Global
	GlobalSection(SolutionConfigurationPlatforms) = preSolution
		Debug|Any CPU = Debug|Any CPU
		Debug|x64 = Debug|x64
		Release|Any CPU = Release|Any CPU
		Release|x64 = Release|x64
	EndGlobalSection
	GlobalSection(ProjectConfigurationPlatforms) = postSolution
		{7FD2634F-BFD5-44F5-9FF5-E2338A167105}.Debug|Any CPU.ActiveCfg = Release|Any CPU
		{7FD2634F-BFD5-44F5-9FF5-E2338A167105}.Debug|Any CPU.Build.0 = Release|Any CPU
		{7FD2634F-BFD5-44F5-9FF5-E2338A167105}.Debug|x64.ActiveCfg = Debug|x64
		{7FD2634F-BFD5-44F5-9FF5-E2338A167105}.Debug|x64.Build.0 = Debug|x64
		{7FD2634F-BFD5-44F5-9FF5-E2338A167105}.Release|Any CPU.ActiveCfg = Release|Any CPU
		{7FD2634F-BFD5-44F5-9FF5-E2338A167105}.Release|Any CPU.Build.0 = Release|Any CPU
		{7FD2634F-BFD5-44F5-9FF5-E2338A167105}.Release|x64.ActiveCfg = Release|x64
		{7FD2634F-BFD5-44F5-9FF5-E2338A167105}.Release|x64.Build.0 = Release|x64
		{221CEE1C-54FE-4551-AB59-F2643B29E2F9}.Debug|Any CPU.ActiveCfg = Debug|Any CPU
		{221CEE1C-54FE-4551-AB59-F2643B29E2F9}.Debug|Any CPU.Build.0 = Debug|Any CPU
		{221CEE1C-54FE-4551-AB59-F2643B29E2F9}.Debug|x64.ActiveCfg = Debug|x64
		{221CEE1C-54FE-4551-AB59-F2643B29E2F9}.Debug|x64.Build.0 = Debug|x64
		{221CEE1C-54FE-4551-AB59-F2643B29E2F9}.Release|Any CPU.ActiveCfg = Release|Any CPU
		{221CEE1C-54FE-4551-AB59-F2643B29E2F9}.Release|Any CPU.Build.0 = Release|Any CPU
		{221CEE1C-54FE-4551-AB59-F2643B29E2F9}.Release|x64.ActiveCfg = Release|x64
		{221CEE1C-54FE-4551-AB59-F2643B29E2F9}.Release|x64.Build.0 = Release|x64
		{359A25B1-B3B4-4E4C-81C2-27C441564811}.Debug|Any CPU.ActiveCfg = Release|Any CPU
		{359A25B1-B3B4-4E4C-81C2-27C441564811}.Debug|Any CPU.Build.0 = Release|Any CPU
		{359A25B1-B3B4-4E4C-81C2-27C441564811}.Debug|x64.ActiveCfg = Debug|x64
		{359A25B1-B3B4-4E4C-81C2-27C441564811}.Debug|x64.Build.0 = Debug|x64
		{359A25B1-B3B4-4E4C-81C2-27C441564811}.Release|Any CPU.ActiveCfg = Release|Any CPU
		{359A25B1-B3B4-4E4C-81C2-27C441564811}.Release|Any CPU.Build.0 = Release|Any CPU
		{359A25B1-B3B4-4E4C-81C2-27C441564811}.Release|x64.ActiveCfg = Release|x64
		{359A25B1-B3B4-4E4C-81C2-27C441564811}.Release|x64.Build.0 = Release|x64
		{F192BF3C-A998-42A2-8FAB-896A4F8B44E9}.Debug|Any CPU.ActiveCfg = Release|Any CPU
		{F192BF3C-A998-42A2-8FAB-896A4F8B44E9}.Debug|Any CPU.Build.0 = Release|Any CPU
		{F192BF3C-A998-42A2-8FAB-896A4F8B44E9}.Debug|x64.ActiveCfg = Debug|x64
		{F192BF3C-A998-42A2-8FAB-896A4F8B44E9}.Debug|x64.Build.0 = Debug|x64
		{F192BF3C-A998-42A2-8FAB-896A4F8B44E9}.Release|Any CPU.ActiveCfg = Release|Any CPU
		{F192BF3C-A998-42A2-8FAB-896A4F8B44E9}.Release|Any CPU.Build.0 = Release|Any CPU
		{F192BF3C-A998-42A2-8FAB-896A4F8B44E9}.Release|x64.ActiveCfg = Release|x64
		{F192BF3C-A998-42A2-8FAB-896A4F8B44E9}.Release|x64.Build.0 = Release|x64
		{80A99D89-EC38-43A2-AB62-E6B37D26BAD9}.Debug|Any CPU.ActiveCfg = Release|Any CPU
		{80A99D89-EC38-43A2-AB62-E6B37D26BAD9}.Debug|Any CPU.Build.0 = Release|Any CPU
		{80A99D89-EC38-43A2-AB62-E6B37D26BAD9}.Debug|x64.ActiveCfg = Debug|x64
		{80A99D89-EC38-43A2-AB62-E6B37D26BAD9}.Debug|x64.Build.0 = Debug|x64
		{80A99D89-EC38-43A2-AB62-E6B37D26BAD9}.Release|Any CPU.ActiveCfg = Release|Any CPU
		{80A99D89-EC38-43A2-AB62-E6B37D26BAD9}.Release|Any CPU.Build.0 = Release|Any CPU
		{80A99D89-EC38-43A2-AB62-E6B37D26BAD9}.Release|x64.ActiveCfg = Release|x64
		{80A99D89-EC38-43A2-AB62-E6B37D26BAD9}.Release|x64.Build.0 = Release|x64
		{34C102EA-CE08-4916-8869-E13A89C16347}.Debug|Any CPU.ActiveCfg = Release|Any CPU
		{34C102EA-CE08-4916-8869-E13A89C16347}.Debug|Any CPU.Build.0 = Release|Any CPU
		{34C102EA-CE08-4916-8869-E13A89C16347}.Debug|x64.ActiveCfg = Debug|x64
		{34C102EA-CE08-4916-8869-E13A89C16347}.Debug|x64.Build.0 = Debug|x64
		{34C102EA-CE08-4916-8869-E13A89C16347}.Release|Any CPU.ActiveCfg = Release|Any CPU
		{34C102EA-CE08-4916-8869-E13A89C16347}.Release|Any CPU.Build.0 = Release|Any CPU
		{34C102EA-CE08-4916-8869-E13A89C16347}.Release|x64.ActiveCfg = Release|x64
		{34C102EA-CE08-4916-8869-E13A89C16347}.Release|x64.Build.0 = Release|x64
		{3B6A5A37-BD64-48CA-9A91-1714136BEB72}.Debug|Any CPU.ActiveCfg = Release|Any CPU
		{3B6A5A37-BD64-48CA-9A91-1714136BEB72}.Debug|Any CPU.Build.0 = Release|Any CPU
		{3B6A5A37-BD64-48CA-9A91-1714136BEB72}.Debug|x64.ActiveCfg = Debug|x64
		{3B6A5A37-BD64-48CA-9A91-1714136BEB72}.Debug|x64.Build.0 = Debug|x64
		{3B6A5A37-BD64-48CA-9A91-1714136BEB72}.Release|Any CPU.ActiveCfg = Release|Any CPU
		{3B6A5A37-BD64-48CA-9A91-1714136BEB72}.Release|Any CPU.Build.0 = Release|Any CPU
		{3B6A5A37-BD64-48CA-9A91-1714136BEB72}.Release|x64.ActiveCfg = Release|x64
		{3B6A5A37-BD64-48CA-9A91-1714136BEB72}.Release|x64.Build.0 = Release|x64
		{55BE7F4F-8794-47F4-9280-0670F70F3BB7}.Debug|Any CPU.ActiveCfg = Release|Any CPU
		{55BE7F4F-8794-47F4-9280-0670F70F3BB7}.Debug|Any CPU.Build.0 = Release|Any CPU
		{55BE7F4F-8794-47F4-9280-0670F70F3BB7}.Debug|x64.ActiveCfg = Debug|x64
		{55BE7F4F-8794-47F4-9280-0670F70F3BB7}.Debug|x64.Build.0 = Debug|x64
		{55BE7F4F-8794-47F4-9280-0670F70F3BB7}.Release|Any CPU.ActiveCfg = Release|Any CPU
		{55BE7F4F-8794-47F4-9280-0670F70F3BB7}.Release|Any CPU.Build.0 = Release|Any CPU
		{55BE7F4F-8794-47F4-9280-0670F70F3BB7}.Release|x64.ActiveCfg = Release|x64
		{55BE7F4F-8794-47F4-9280-0670F70F3BB7}.Release|x64.Build.0 = Release|x64
		{1F6D05D0-6916-4402-ADAE-AA6FABEC4843}.Debug|Any CPU.ActiveCfg = Release|Any CPU
		{1F6D05D0-6916-4402-ADAE-AA6FABEC4843}.Debug|Any CPU.Build.0 = Release|Any CPU
		{1F6D05D0-6916-4402-ADAE-AA6FABEC4843}.Debug|x64.ActiveCfg = Debug|x64
		{1F6D05D0-6916-4402-ADAE-AA6FABEC4843}.Debug|x64.Build.0 = Debug|x64
		{1F6D05D0-6916-4402-ADAE-AA6FABEC4843}.Release|Any CPU.ActiveCfg = Release|Any CPU
		{1F6D05D0-6916-4402-ADAE-AA6FABEC4843}.Release|Any CPU.Build.0 = Release|Any CPU
		{1F6D05D0-6916-4402-ADAE-AA6FABEC4843}.Release|x64.ActiveCfg = Release|x64
		{1F6D05D0-6916-4402-ADAE-AA6FABEC4843}.Release|x64.Build.0 = Release|x64
		{0C3753F2-086C-43D5-ACBB-183DA40055E1}.Debug|Any CPU.ActiveCfg = Release|Any CPU
		{0C3753F2-086C-43D5-ACBB-183DA40055E1}.Debug|Any CPU.Build.0 = Release|Any CPU
		{0C3753F2-086C-43D5-ACBB-183DA40055E1}.Debug|x64.ActiveCfg = Debug|x64
		{0C3753F2-086C-43D5-ACBB-183DA40055E1}.Debug|x64.Build.0 = Debug|x64
		{0C3753F2-086C-43D5-ACBB-183DA40055E1}.Release|Any CPU.ActiveCfg = Release|Any CPU
		{0C3753F2-086C-43D5-ACBB-183DA40055E1}.Release|Any CPU.Build.0 = Release|Any CPU
		{0C3753F2-086C-43D5-ACBB-183DA40055E1}.Release|x64.ActiveCfg = Release|x64
		{0C3753F2-086C-43D5-ACBB-183DA40055E1}.Release|x64.Build.0 = Release|x64
		{7F399726-85D6-4DE2-AFE4-99CCD29D8BD3}.Debug|Any CPU.ActiveCfg = Release
		{7F399726-85D6-4DE2-AFE4-99CCD29D8BD3}.Debug|x64.ActiveCfg = Debug
		{7F399726-85D6-4DE2-AFE4-99CCD29D8BD3}.Debug|x64.Build.0 = Debug
		{7F399726-85D6-4DE2-AFE4-99CCD29D8BD3}.Release|Any CPU.ActiveCfg = Release
		{7F399726-85D6-4DE2-AFE4-99CCD29D8BD3}.Release|x64.ActiveCfg = Release
		{7F399726-85D6-4DE2-AFE4-99CCD29D8BD3}.Release|x64.Build.0 = Release
	EndGlobalSection
	GlobalSection(SolutionProperties) = preSolution
		HideSolutionNode = FALSE
	EndGlobalSection
	GlobalSection(NestedProjects) = preSolution
		{7FD2634F-BFD5-44F5-9FF5-E2338A167105} = {A6063A62-0EFC-490A-ACDA-7E3B14D638D1}
		{221CEE1C-54FE-4551-AB59-F2643B29E2F9} = {A6063A62-0EFC-490A-ACDA-7E3B14D638D1}
		{359A25B1-B3B4-4E4C-81C2-27C441564811} = {A6063A62-0EFC-490A-ACDA-7E3B14D638D1}
		{F192BF3C-A998-42A2-8FAB-896A4F8B44E9} = {A6063A62-0EFC-490A-ACDA-7E3B14D638D1}
		{80A99D89-EC38-43A2-AB62-E6B37D26BAD9} = {C199AC69-3E8F-4745-AECE-071E90B646DB}
		{C199AC69-3E8F-4745-AECE-071E90B646DB} = {5CD812C0-678C-4A81-95D0-031D9AF2A42B}
		{F5E79BBD-D101-478C-BEEA-1ABDE647AA2A} = {5CD812C0-678C-4A81-95D0-031D9AF2A42B}
		{34C102EA-CE08-4916-8869-E13A89C16347} = {F5E79BBD-D101-478C-BEEA-1ABDE647AA2A}
		{3B6A5A37-BD64-48CA-9A91-1714136BEB72} = {F5E79BBD-D101-478C-BEEA-1ABDE647AA2A}
		{55BE7F4F-8794-47F4-9280-0670F70F3BB7} = {F5E79BBD-D101-478C-BEEA-1ABDE647AA2A}
		{1F6D05D0-6916-4402-ADAE-AA6FABEC4843} = {F5E79BBD-D101-478C-BEEA-1ABDE647AA2A}
		{0C3753F2-086C-43D5-ACBB-183DA40055E1} = {F5E79BBD-D101-478C-BEEA-1ABDE647AA2A}
	EndGlobalSection
	GlobalSection(ExtensibilityGlobals) = postSolution
		SolutionGuid = {FBD4558F-856D-457D-AA88-CBE798A21627}
	EndGlobalSection
EndGlobal
